
Microsoft Visual Studio Solution File, Format Version 12.00
# Visual Studio Version 16
VisualStudioVersion = 16.0.30503.244
MinimumVisualStudioVersion = 10.0.40219.1
Project("{FAE04EC0-301F-11D3-BF4B-00C04F79EFBC}") = "QSM", "QSM.csproj", "{74353B60-8686-4D02-826B-14E8F0481EB4}"
EndProject
Global
	GlobalSection(SolutionConfigurationPlatforms) = preSolution
		Debug|Any CPU = Debug|Any CPU
		Release|Any CPU = Release|Any CPU
	EndGlobalSection
	GlobalSection(ProjectConfigurationPlatforms) = postSolution
		{74353B60-8686-4D02-826B-14E8F0481EB4}.Debug|Any CPU.ActiveCfg = Debug|Any CPU
		{74353B60-8686-4D02-826B-14E8F0481EB4}.Debug|Any CPU.Build.0 = Debug|Any CPU
		{74353B60-8686-4D02-826B-14E8F0481EB4}.Release|Any CPU.ActiveCfg = Release|Any CPU
		{74353B60-8686-4D02-826B-14E8F0481EB4}.Release|Any CPU.Build.0 = Release|Any CPU
	EndGlobalSection
	GlobalSection(SolutionProperties) = preSolution
		HideSolutionNode = FALSE
	EndGlobalSection
	GlobalSection(ExtensibilityGlobals) = postSolution
		SolutionGuid = {C9F370EC-DA0B-4451-B45B-7D884B4F3498}
	EndGlobalSection
EndGlobal
